// !$*UTF8*$!
{
	archiveVersion = 1;
	classes = {
	};
	objectVersion = 77;
	objects = {

/* Begin PBXContainerItemProxy section */
		621E40BF2E8FC63600C3A4DE /* PBXContainerItemProxy */ = {
			isa = PBXContainerItemProxy;
			containerPortal = 621E40A12E8FC63300C3A4DE /* Project object */;
			proxyType = 1;
			remoteGlobalIDString = 621E40A82E8FC63300C3A4DE;
			remoteInfo = Muggo;
		};
		621E40C92E8FC63600C3A4DE /* PBXContainerItemProxy */ = {
			isa = PBXContainerItemProxy;
			containerPortal = 621E40A12E8FC63300C3A4DE /* Project object */;
			proxyType = 1;
			remoteGlobalIDString = 621E40A82E8FC63300C3A4DE;
			remoteInfo = Muggo;
		};
/* End PBXContainerItemProxy section */

/* Begin PBXFileReference section */
		621E40A92E8FC63300C3A4DE /* Muggo.app */ = {isa = PBXFileReference; explicitFileType = wrapper.application; includeInIndex = 0; path = Muggo.app; sourceTree = BUILT_PRODUCTS_DIR; };
		621E40BE2E8FC63600C3A4DE /* MuggoTests.xctest */ = {isa = PBXFileReference; explicitFileType = wrapper.cfbundle; includeInIndex = 0; path = MuggoTests.xctest; sourceTree = BUILT_PRODUCTS_DIR; };
		621E40C82E8FC63600C3A4DE /* MuggoUITests.xctest */ = {isa = PBXFileReference; explicitFileType = wrapper.cfbundle; includeInIndex = 0; path = MuggoUITests.xctest; sourceTree = BUILT_PRODUCTS_DIR; };
/* End PBXFileReference section */

/* Begin PBXFileSystemSynchronizedRootGroup section */
		621E40AB2E8FC63300C3A4DE /* Muggo */ = {
			isa = PBXFileSystemSynchronizedRootGroup;
			path = Muggo;
			sourceTree = "<group>";
		};
		621E40C12E8FC63600C3A4DE /* MuggoTests */ = {
			isa = PBXFileSystemSynchronizedRootGroup;
			path = MuggoTests;
			sourceTree = "<group>";
		};
		621E40CB2E8FC63600C3A4DE /* MuggoUITests */ = {
			isa = PBXFileSystemSynchronizedRootGroup;
			path = MuggoUITests;
			sourceTree = "<group>";
		};
/* End PBXFileSystemSynchronizedRootGroup section */

/* Begin PBXFrameworksBuildPhase section */
		621E40A62E8FC63300C3A4DE /* Frameworks */ = {
			isa = PBXFrameworksBuildPhase;
			buildActionMask = 2147483647;
			files = (
			);
			runOnlyForDeploymentPostprocessing = 0;
		};
		621E40BB2E8FC63600C3A4DE /* Frameworks */ = {
			isa = PBXFrameworksBuildPhase;
			buildActionMask = 2147483647;
			files = (
			);
			runOnlyForDeploymentPostprocessing = 0;
		};
		621E40C52E8FC63600C3A4DE /* Frameworks */ = {
			isa = PBXFrameworksBuildPhase;
			buildActionMask = 2147483647;
			files = (
			);
			runOnlyForDeploymentPostprocessing = 0;
		};
/* End PBXFrameworksBuildPhase section */

/* Begin PBXGroup section */
		621E40A02E8FC63300C3A4DE = {
			isa = PBXGroup;
			children = (
				621E40AB2E8FC63300C3A4DE /* Muggo */,
				621E40C12E8FC63600C3A4DE /* MuggoTests */,
				621E40CB2E8FC63600C3A4DE /* MuggoUITests */,
				621E40AA2E8FC63300C3A4DE /* Products */,
			);
			sourceTree = "<group>";
		};
		621E40AA2E8FC63300C3A4DE /* Products */ = {
			isa = PBXGroup;
			children = (
				621E40A92E8FC63300C3A4DE /* Muggo.app */,
				621E40BE2E8FC63600C3A4DE /* MuggoTests.xctest */,
				621E40C82E8FC63600C3A4DE /* MuggoUITests.xctest */,
			);
			name = Products;
			sourceTree = "<group>";
		};
/* End PBXGroup section */

/* Begin PBXNativeTarget section */
		621E40A82E8FC63300C3A4DE /* Muggo */ = {
			isa = PBXNativeTarget;
			buildConfigurationList = 621E40D22E8FC63600C3A4DE /* Build configuration list for PBXNativeTarget "Muggo" */;
			buildPhases = (
				621E40A52E8FC63300C3A4DE /* Sources */,
				621E40A62E8FC63300C3A4DE /* Frameworks */,
				621E40A72E8FC63300C3A4DE /* Resources */,
			);
			buildRules = (
			);
			dependencies = (
			);
			fileSystemSynchronizedGroups = (
				621E40AB2E8FC63300C3A4DE /* Muggo */,
			);
			name = Muggo;
			packageProductDependencies = (
			);
			productName = Muggo;
			productReference = 621E40A92E8FC63300C3A4DE /* Muggo.app */;
			productType = "com.apple.product-type.application";
		};
		621E40BD2E8FC63600C3A4DE /* MuggoTests */ = {
			isa = PBXNativeTarget;
			buildConfigurationList = 621E40D52E8FC63600C3A4DE /* Build configuration list for PBXNativeTarget "MuggoTests" */;
			buildPhases = (
				621E40BA2E8FC63600C3A4DE /* Sources */,
				621E40BB2E8FC63600C3A4DE /* Frameworks */,
				621E40BC2E8FC63600C3A4DE /* Resources */,
			);
			buildRules = (
			);
			dependencies = (
				621E40C02E8FC63600C3A4DE /* PBXTargetDependency */,
			);
			fileSystemSynchronizedGroups = (
				621E40C12E8FC63600C3A4DE /* MuggoTests */,
			);
			name = MuggoTests;
			packageProductDependencies = (
			);
			productName = MuggoTests;
			productReference = 621E40BE2E8FC63600C3A4DE /* MuggoTests.xctest */;
			productType = "com.apple.product-type.bundle.unit-test";
		};
		621E40C72E8FC63600C3A4DE /* MuggoUITests */ = {
			isa = PBXNativeTarget;
			buildConfigurationList = 621E40D82E8FC63600C3A4DE /* Build configuration list for PBXNativeTarget "MuggoUITests" */;
			buildPhases = (
				621E40C42E8FC63600C3A4DE /* Sources */,
				621E40C52E8FC63600C3A4DE /* Frameworks */,
				621E40C62E8FC63600C3A4DE /* Resources */,
			);
			buildRules = (
			);
			dependencies = (
				621E40CA2E8FC63600C3A4DE /* PBXTargetDependency */,
			);
			fileSystemSynchronizedGroups = (
				621E40CB2E8FC63600C3A4DE /* MuggoUITests */,
			);
			name = MuggoUITests;
			packageProductDependencies = (
			);
			productName = MuggoUITests;
			productReference = 621E40C82E8FC63600C3A4DE /* MuggoUITests.xctest */;
			productType = "com.apple.product-type.bundle.ui-testing";
		};
/* End PBXNativeTarget section */

/* Begin PBXProject section */
		621E40A12E8FC63300C3A4DE /* Project object */ = {
			isa = PBXProject;
			attributes = {
				BuildIndependentTargetsInParallel = 1;
				LastSwiftUpdateCheck = 1620;
				LastUpgradeCheck = 1620;
				TargetAttributes = {
					621E40A82E8FC63300C3A4DE = {
						CreatedOnToolsVersion = 16.2;
					};
					621E40BD2E8FC63600C3A4DE = {
						CreatedOnToolsVersion = 16.2;
						TestTargetID = 621E40A82E8FC63300C3A4DE;
					};
					621E40C72E8FC63600C3A4DE = {
						CreatedOnToolsVersion = 16.2;
						TestTargetID = 621E40A82E8FC63300C3A4DE;
					};
				};
			};
			buildConfigurationList = 621E40A42E8FC63300C3A4DE /* Build configuration list for PBXProject "Muggo" */;
			developmentRegion = en;
			hasScannedForEncodings = 0;
			knownRegions = (
				en,
				Base,
			);
			mainGroup = 621E40A02E8FC63300C3A4DE;
			minimizedProjectReferenceProxies = 1;
			preferredProjectObjectVersion = 77;
			productRefGroup = 621E40AA2E8FC63300C3A4DE /* Products */;
			projectDirPath = "";
			projectRoot = "";
			targets = (
				621E40A82E8FC63300C3A4DE /* Muggo */,
				621E40BD2E8FC63600C3A4DE /* MuggoTests */,
				621E40C72E8FC63600C3A4DE /* MuggoUITests */,
			);
		};
/* End PBXProject section */

/* Begin PBXResourcesBuildPhase section */
		621E40A72E8FC63300C3A4DE /* Resources */ = {
			isa = PBXResourcesBuildPhase;
			buildActionMask = 2147483647;
			files = (
			);
			runOnlyForDeploymentPostprocessing = 0;
		};
		621E40BC2E8FC63600C3A4DE /* Resources */ = {
			isa = PBXResourcesBuildPhase;
			buildActionMask = 2147483647;
			files = (
			);
			runOnlyForDeploymentPostprocessing = 0;
		};
		621E40C62E8FC63600C3A4DE /* Resources */ = {
			isa = PBXResourcesBuildPhase;
			buildActionMask = 2147483647;
			files = (
			);
			runOnlyForDeploymentPostprocessing = 0;
		};
/* End PBXResourcesBuildPhase section */

/* Begin PBXSourcesBuildPhase section */
		621E40A52E8FC63300C3A4DE /* Sources */ = {
			isa = PBXSourcesBuildPhase;
			buildActionMask = 2147483647;
			files = (
			);
			runOnlyForDeploymentPostprocessing = 0;
		};
		621E40BA2E8FC63600C3A4DE /* Sources */ = {
			isa = PBXSourcesBuildPhase;
			buildActionMask = 2147483647;
			files = (
			);
			runOnlyForDeploymentPostprocessing = 0;
		};
		621E40C42E8FC63600C3A4DE /* Sources */ = {
			isa = PBXSourcesBuildPhase;
			buildActionMask = 2147483647;
			files = (
			);
			runOnlyForDeploymentPostprocessing = 0;
		};
/* End PBXSourcesBuildPhase section */

/* Begin PBXTargetDependency section */
		621E40C02E8FC63600C3A4DE /* PBXTargetDependency */ = {
			isa = PBXTargetDependency;
			target = 621E40A82E8FC63300C3A4DE /* Muggo */;
			targetProxy = 621E40BF2E8FC63600C3A4DE /* PBXContainerItemProxy */;
		};
		621E40CA2E8FC63600C3A4DE /* PBXTargetDependency */ = {
			isa = PBXTargetDependency;
			target = 621E40A82E8FC63300C3A4DE /* Muggo */;
			targetProxy = 621E40C92E8FC63600C3A4DE /* PBXContainerItemProxy */;
		};
/* End PBXTargetDependency section */

/* Begin XCBuildConfiguration section */
		621E40D02E8FC63600C3A4DE /* Debug */ = {
			isa = XCBuildConfiguration;
			buildSettings = {
				ALWAYS_SEARCH_USER_PATHS = NO;
				ASSETCATALOG_COMPILER_GENERATE_SWIFT_ASSET_SYMBOL_EXTENSIONS = YES;
				CLANG_ANALYZER_NONNULL = YES;
				CLANG_ANALYZER_NUMBER_OBJECT_CONVERSION = YES_AGGRESSIVE;
				CLANG_CXX_LANGUAGE_STANDARD = "gnu++20";
				CLANG_ENABLE_MODULES = YES;
				CLANG_ENABLE_OBJC_ARC = YES;
				CLANG_ENABLE_OBJC_WEAK = YES;
				CLANG_WARN_BLOCK_CAPTURE_AUTORELEASING = YES;
				CLANG_WARN_BOOL_CONVERSION = YES;
				CLANG_WARN_COMMA = YES;
				CLANG_WARN_CONSTANT_CONVERSION = YES;
				CLANG_WARN_DEPRECATED_OBJC_IMPLEMENTATIONS = YES;
				CLANG_WARN_DIRECT_OBJC_ISA_USAGE = YES_ERROR;
				CLANG_WARN_DOCUMENTATION_COMMENTS = YES;
				CLANG_WARN_EMPTY_BODY = YES;
				CLANG_WARN_ENUM_CONVERSION = YES;
				CLANG_WARN_INFINITE_RECURSION = YES;
				CLANG_WARN_INT_CONVERSION = YES;
				CLANG_WARN_NON_LITERAL_NULL_CONVERSION = YES;
				CLANG_WARN_OBJC_IMPLICIT_RETAIN_SELF = YES;
				CLANG_WARN_OBJC_LITERAL_CONVERSION = YES;
				CLANG_WARN_OBJC_ROOT_CLASS = YES_ERROR;
				CLANG_WARN_QUOTED_INCLUDE_IN_FRAMEWORK_HEADER = YES;
				CLANG_WARN_RANGE_LOOP_ANALYSIS = YES;
				CLANG_WARN_STRICT_PROTOTYPES = YES;
				CLANG_WARN_SUSPICIOUS_MOVE = YES;
				CLANG_WARN_UNGUARDED_AVAILABILITY = YES_AGGRESSIVE;
				CLANG_WARN_UNREACHABLE_CODE = YES;
				CLANG_WARN__DUPLICATE_METHOD_MATCH = YES;
				COPY_PHASE_STRIP = NO;
				DEBUG_INFORMATION_FORMAT = dwarf;
				ENABLE_STRICT_OBJC_MSGSEND = YES;
				ENABLE_TESTABILITY = YES;
				ENABLE_USER_SCRIPT_SANDBOXING = YES;
				GCC_C_LANGUAGE_STANDARD = gnu17;
				GCC_DYNAMIC_NO_PIC = NO;
				GCC_NO_COMMON_BLOCKS = YES;
				GCC_OPTIMIZATION_LEVEL = 0;
				GCC_PREPROCESSOR_DEFINITIONS = (
					"DEBUG=1",
					"$(inherited)",
				);
				GCC_WARN_64_TO_32_BIT_CONVERSION = YES;
				GCC_WARN_ABOUT_RETURN_TYPE = YES_ERROR;
				GCC_WARN_UNDECLARED_SELECTOR = YES;
				GCC_WARN_UNINITIALIZED_AUTOS = YES_AGGRESSIVE;
				GCC_WARN_UNUSED_FUNCTION = YES;
				GCC_WARN_UNUSED_VARIABLE = YES;
				IPHONEOS_DEPLOYMENT_TARGET = 18.2;
				LOCALIZATION_PREFERS_STRING_CATALOGS = YES;
				MTL_ENABLE_DEBUG_INFO = INCLUDE_SOURCE;
				MTL_FAST_MATH = YES;
				ONLY_ACTIVE_ARCH = YES;
				SDKROOT = iphoneos;
				SWIFT_ACTIVE_COMPILATION_CONDITIONS = "DEBUG $(inherited)";
				SWIFT_OPTIMIZATION_LEVEL = "-Onone";
			};
			name = Debug;
		};
		621E40D12E8FC63600C3A4DE /* Release */ = {
			isa = XCBuildConfiguration;
			buildSettings = {
				ALWAYS_SEARCH_USER_PATHS = NO;
				ASSETCATALOG_COMPILER_GENERATE_SWIFT_ASSET_SYMBOL_EXTENSIONS = YES;
				CLANG_ANALYZER_NONNULL = YES;
				CLANG_ANALYZER_NUMBER_OBJECT_CONVERSION = YES_AGGRESSIVE;
				CLANG_CXX_LANGUAGE_STANDARD = "gnu++20";
				CLANG_ENABLE_MODULES = YES;
				CLANG_ENABLE_OBJC_ARC = YES;
				CLANG_ENABLE_OBJC_WEAK = YES;
				CLANG_WARN_BLOCK_CAPTURE_AUTORELEASING = YES;
				CLANG_WARN_BOOL_CONVERSION = YES;
				CLANG_WARN_COMMA = YES;
				CLANG_WARN_CONSTANT_CONVERSION = YES;
				CLANG_WARN_DEPRECATED_OBJC_IMPLEMENTATIONS = YES;
				CLANG_WARN_DIRECT_OBJC_ISA_USAGE = YES_ERROR;
				CLANG_WARN_DOCUMENTATION_COMMENTS = YES;
				CLANG_WARN_EMPTY_BODY = YES;
				CLANG_WARN_ENUM_CONVERSION = YES;
				CLANG_WARN_INFINITE_RECURSION = YES;
				CLANG_WARN_INT_CONVERSION = YES;
				CLANG_WARN_NON_LITERAL_NULL_CONVERSION = YES;
				CLANG_WARN_OBJC_IMPLICIT_RETAIN_SELF = YES;
				CLANG_WARN_OBJC_LITERAL_CONVERSION = YES;
				CLANG_WARN_OBJC_ROOT_CLASS = YES_ERROR;
				CLANG_WARN_QUOTED_INCLUDE_IN_FRAMEWORK_HEADER = YES;
				CLANG_WARN_RANGE_LOOP_ANALYSIS = YES;
				CLANG_WARN_STRICT_PROTOTYPES = YES;
				CLANG_WARN_SUSPICIOUS_MOVE = YES;
				CLANG_WARN_UNGUARDED_AVAILABILITY = YES_AGGRESSIVE;
				CLANG_WARN_UNREACHABLE_CODE = YES;
				CLANG_WARN__DUPLICATE_METHOD_MATCH = YES;
				COPY_PHASE_STRIP = NO;
				DEBUG_INFORMATION_FORMAT = "dwarf-with-dsym";
				ENABLE_NS_ASSERTIONS = NO;
				ENABLE_STRICT_OBJC_MSGSEND = YES;
				ENABLE_USER_SCRIPT_SANDBOXING = YES;
				GCC_C_LANGUAGE_STANDARD = gnu17;
				GCC_NO_COMMON_BLOCKS = YES;
				GCC_WARN_64_TO_32_BIT_CONVERSION = YES;
				GCC_WARN_ABOUT_RETURN_TYPE = YES_ERROR;
				GCC_WARN_UNDECLARED_SELECTOR = YES;
				GCC_WARN_UNINITIALIZED_AUTOS = YES_AGGRESSIVE;
				GCC_WARN_UNUSED_FUNCTION = YES;
				GCC_WARN_UNUSED_VARIABLE = YES;
				IPHONEOS_DEPLOYMENT_TARGET = 18.2;
				LOCALIZATION_PREFERS_STRING_CATALOGS = YES;
				MTL_ENABLE_DEBUG_INFO = NO;
				MTL_FAST_MATH = YES;
				SDKROOT = iphoneos;
				SWIFT_COMPILATION_MODE = wholemodule;
				VALIDATE_PRODUCT = YES;
			};
			name = Release;
		};
		621E40D32E8FC63600C3A4DE /* Debug */ = {
			isa = XCBuildConfiguration;
			buildSettings = {
				ASSETCATALOG_COMPILER_APPICON_NAME = AppIcon;
				ASSETCATALOG_COMPILER_GLOBAL_ACCENT_COLOR_NAME = AccentColor;
				CODE_SIGN_STYLE = Automatic;
				CURRENT_PROJECT_VERSION = 1;
				DEVELOPMENT_ASSET_PATHS = "\"Muggo/Preview Content\"";
				DEVELOPMENT_TEAM = 78SK5N87ST;
				ENABLE_PREVIEWS = YES;
				GENERATE_INFOPLIST_FILE = YES;
				INFOPLIST_KEY_NSLocationWhenInUseUsageDescription = "Muggo needs location access to find nearby coffee shops and provide directions.";
				INFOPLIST_KEY_UIApplicationSceneManifest_Generation = YES;
				INFOPLIST_KEY_UIApplicationSupportsIndirectInputEvents = YES;
				INFOPLIST_KEY_UILaunchScreen_Generation = YES;
				INFOPLIST_KEY_UISupportedInterfaceOrientations_iPad = "UIInterfaceOrientationPortrait UIInterfaceOrientationPortraitUpsideDown UIInterfaceOrientationLandscapeLeft UIInterfaceOrientationLandscapeRight";
				INFOPLIST_KEY_UISupportedInterfaceOrientations_iPhone = "UIInterfaceOrientationPortrait UIInterfaceOrientationLandscapeLeft UIInterfaceOrientationLandscapeRight";
				LD_RUNPATH_SEARCH_PATHS = (
					"$(inherited)",
					"@executable_path/Frameworks",
				);
				MARKETING_VERSION = 1.0;
				PRODUCT_BUNDLE_IDENTIFIER = axillles.Muggo;
				PRODUCT_NAME = "$(TARGET_NAME)";
				SWIFT_EMIT_LOC_STRINGS = YES;
				SWIFT_VERSION = 5.0;
				TARGETED_DEVICE_FAMILY = "1,2";
			};
			name = Debug;
		};
		621E40D42E8FC63600C3A4DE /* Release */ = {
			isa = XCBuildConfiguration;
			buildSettings = {
				ASSETCATALOG_COMPILER_APPICON_NAME = AppIcon;
				ASSETCATALOG_COMPILER_GLOBAL_ACCENT_COLOR_NAME = AccentColor;
				CODE_SIGN_STYLE = Automatic;
				CURRENT_PROJECT_VERSION = 1;
				DEVELOPMENT_ASSET_PATHS = "\"Muggo/Preview Content\"";
				DEVELOPMENT_TEAM = 78SK5N87ST;
				ENABLE_PREVIEWS = YES;
				GENERATE_INFOPLIST_FILE = YES;
				INFOPLIST_KEY_NSLocationWhenInUseUsageDescription = "Muggo needs location access to find nearby coffee shops and provide directions.";
				INFOPLIST_KEY_UIApplicationSceneManifest_Generation = YES;
				INFOPLIST_KEY_UIApplicationSupportsIndirectInputEvents = YES;
				INFOPLIST_KEY_UILaunchScreen_Generation = YES;
				INFOPLIST_KEY_UISupportedInterfaceOrientations_iPad = "UIInterfaceOrientationPortrait UIInterfaceOrientationPortraitUpsideDown UIInterfaceOrientationLandscapeLeft UIInterfaceOrientationLandscapeRight";
				INFOPLIST_KEY_UISupportedInterfaceOrientations_iPhone = "UIInterfaceOrientationPortrait UIInterfaceOrientationLandscapeLeft UIInterfaceOrientationLandscapeRight";
				LD_RUNPATH_SEARCH_PATHS = (
					"$(inherited)",
					"@executable_path/Frameworks",
				);
				MARKETING_VERSION = 1.0;
				PRODUCT_BUNDLE_IDENTIFIER = axillles.Muggo;
				PRODUCT_NAME = "$(TARGET_NAME)";
				SWIFT_EMIT_LOC_STRINGS = YES;
				SWIFT_VERSION = 5.0;
				TARGETED_DEVICE_FAMILY = "1,2";
			};
			name = Release;
		};
		621E40D62E8FC63600C3A4DE /* Debug */ = {
			isa = XCBuildConfiguration;
			buildSettings = {
				BUNDLE_LOADER = "$(TEST_HOST)";
				CODE_SIGN_STYLE = Automatic;
				CURRENT_PROJECT_VERSION = 1;
				DEVELOPMENT_TEAM = 78SK5N87ST;
				GENERATE_INFOPLIST_FILE = YES;
				IPHONEOS_DEPLOYMENT_TARGET = 18.2;
				MARKETING_VERSION = 1.0;
				PRODUCT_BUNDLE_IDENTIFIER = Artem.MuggoTests;
				PRODUCT_NAME = "$(TARGET_NAME)";
				SWIFT_EMIT_LOC_STRINGS = NO;
				SWIFT_VERSION = 5.0;
				TARGETED_DEVICE_FAMILY = "1,2";
				TEST_HOST = "$(BUILT_PRODUCTS_DIR)/Muggo.app/$(BUNDLE_EXECUTABLE_FOLDER_PATH)/Muggo";
			};
			name = Debug;
		};
		621E40D72E8FC63600C3A4DE /* Release */ = {
			isa = XCBuildConfiguration;
			buildSettings = {
				BUNDLE_LOADER = "$(TEST_HOST)";
				CODE_SIGN_STYLE = Automatic;
				CURRENT_PROJECT_VERSION = 1;
				DEVELOPMENT_TEAM = 78SK5N87ST;
				GENERATE_INFOPLIST_FILE = YES;
				IPHONEOS_DEPLOYMENT_TARGET = 18.2;
				MARKETING_VERSION = 1.0;
				PRODUCT_BUNDLE_IDENTIFIER = Artem.MuggoTests;
				PRODUCT_NAME = "$(TARGET_NAME)";
				SWIFT_EMIT_LOC_STRINGS = NO;
				SWIFT_VERSION = 5.0;
				TARGETED_DEVICE_FAMILY = "1,2";
				TEST_HOST = "$(BUILT_PRODUCTS_DIR)/Muggo.app/$(BUNDLE_EXECUTABLE_FOLDER_PATH)/Muggo";
			};
			name = Release;
		};
		621E40D92E8FC63600C3A4DE /* Debug */ = {
			isa = XCBuildConfiguration;
			buildSettings = {
				CODE_SIGN_STYLE = Automatic;
				CURRENT_PROJECT_VERSION = 1;
				DEVELOPMENT_TEAM = 78SK5N87ST;
				GENERATE_INFOPLIST_FILE = YES;
				MARKETING_VERSION = 1.0;
				PRODUCT_BUNDLE_IDENTIFIER = Artem.MuggoUITests;
				PRODUCT_NAME = "$(TARGET_NAME)";
				SWIFT_EMIT_LOC_STRINGS = NO;
				SWIFT_VERSION = 5.0;
				TARGETED_DEVICE_FAMILY = "1,2";
				TEST_TARGET_NAME = Muggo;
			};
			name = Debug;
		};
		621E40DA2E8FC63600C3A4DE /* Release */ = {
			isa = XCBuildConfiguration;
			buildSettings = {
				CODE_SIGN_STYLE = Automatic;
				CURRENT_PROJECT_VERSION = 1;
				DEVELOPMENT_TEAM = 78SK5N87ST;
				GENERATE_INFOPLIST_FILE = YES;
				MARKETING_VERSION = 1.0;
				PRODUCT_BUNDLE_IDENTIFIER = Artem.MuggoUITests;
				PRODUCT_NAME = "$(TARGET_NAME)";
				SWIFT_EMIT_LOC_STRINGS = NO;
				SWIFT_VERSION = 5.0;
				TARGETED_DEVICE_FAMILY = "1,2";
				TEST_TARGET_NAME = Muggo;
			};
			name = Release;
		};
/* End XCBuildConfiguration section */

/* Begin XCConfigurationList section */
		621E40A42E8FC63300C3A4DE /* Build configuration list for PBXProject "Muggo" */ = {
			isa = XCConfigurationList;
			buildConfigurations = (
				621E40D02E8FC63600C3A4DE /* Debug */,
				621E40D12E8FC63600C3A4DE /* Release */,
			);
			defaultConfigurationIsVisible = 0;
			defaultConfigurationName = Release;
		};
		621E40D22E8FC63600C3A4DE /* Build configuration list for PBXNativeTarget "Muggo" */ = {
			isa = XCConfigurationList;
			buildConfigurations = (
				621E40D32E8FC63600C3A4DE /* Debug */,
				621E40D42E8FC63600C3A4DE /* Release */,
			);
			defaultConfigurationIsVisible = 0;
			defaultConfigurationName = Release;
		};
		621E40D52E8FC63600C3A4DE /* Build configuration list for PBXNativeTarget "MuggoTests" */ = {
			isa = XCConfigurationList;
			buildConfigurations = (
				621E40D62E8FC63600C3A4DE /* Debug */,
				621E40D72E8FC63600C3A4DE /* Release */,
			);
			defaultConfigurationIsVisible = 0;
			defaultConfigurationName = Release;
		};
		621E40D82E8FC63600C3A4DE /* Build configuration list for PBXNativeTarget "MuggoUITests" */ = {
			isa = XCConfigurationList;
			buildConfigurations = (
				621E40D92E8FC63600C3A4DE /* Debug */,
				621E40DA2E8FC63600C3A4DE /* Release */,
			);
			defaultConfigurationIsVisible = 0;
			defaultConfigurationName = Release;
		};
/* End XCConfigurationList section */
	};
	rootObject = 621E40A12E8FC63300C3A4DE /* Project object */;
}
