// !$*UTF8*$!
{
	archiveVersion = 1;
	classes = {
	};
	objectVersion = 77;
	objects = {

/* Begin PBXBuildFile section */
		62DB14612DB691A50059CEDC /* Auth in Frameworks */ = {isa = PBXBuildFile; productRef = 62DB14602DB691A50059CEDC /* Auth */; };
		62DB14632DB691A50059CEDC /* Functions in Frameworks */ = {isa = PBXBuildFile; productRef = 62DB14622DB691A50059CEDC /* Functions */; };
		62DB14652DB691A50059CEDC /* PostgREST in Frameworks */ = {isa = PBXBuildFile; productRef = 62DB14642DB691A50059CEDC /* PostgREST */; };
		62DB14672DB691A50059CEDC /* Realtime in Frameworks */ = {isa = PBXBuildFile; productRef = 62DB14662DB691A50059CEDC /* Realtime */; };
		62DB14692DB691A50059CEDC /* Storage in Frameworks */ = {isa = PBXBuildFile; productRef = 62DB14682DB691A50059CEDC /* Storage */; };
		62DB146B2DB691A50059CEDC /* Supabase in Frameworks */ = {isa = PBXBuildFile; productRef = 62DB146A2DB691A50059CEDC /* Supabase */; };
		E08ED1DE3302FBCE45ACD72C /* Pods_CoffeeApp.framework in Frameworks */ = {isa = PBXBuildFile; fileRef = BBC07C9694B63198789EB3C6 /* Pods_CoffeeApp.framework */; };
/* End PBXBuildFile section */

/* Begin PBXContainerItemProxy section */
		62DB142C2DB685430059CEDC /* PBXContainerItemProxy */ = {
			isa = PBXContainerItemProxy;
			containerPortal = 62DB14132DB685410059CEDC /* Project object */;
			proxyType = 1;
			remoteGlobalIDString = 62DB141A2DB685410059CEDC;
			remoteInfo = CoffeeApp;
		};
		62DB14362DB685430059CEDC /* PBXContainerItemProxy */ = {
			isa = PBXContainerItemProxy;
			containerPortal = 62DB14132DB685410059CEDC /* Project object */;
			proxyType = 1;
			remoteGlobalIDString = 62DB141A2DB685410059CEDC;
			remoteInfo = CoffeeApp;
		};
/* End PBXContainerItemProxy section */

/* Begin PBXFileReference section */
		62DB141B2DB685410059CEDC /* CoffeeApp.app */ = {isa = PBXFileReference; explicitFileType = wrapper.application; includeInIndex = 0; path = CoffeeApp.app; sourceTree = BUILT_PRODUCTS_DIR; };
		62DB142B2DB685430059CEDC /* CoffeeAppTests.xctest */ = {isa = PBXFileReference; explicitFileType = wrapper.cfbundle; includeInIndex = 0; path = CoffeeAppTests.xctest; sourceTree = BUILT_PRODUCTS_DIR; };
		62DB14352DB685430059CEDC /* CoffeeAppUITests.xctest */ = {isa = PBXFileReference; explicitFileType = wrapper.cfbundle; includeInIndex = 0; path = CoffeeAppUITests.xctest; sourceTree = BUILT_PRODUCTS_DIR; };
		BBC07C9694B63198789EB3C6 /* Pods_CoffeeApp.framework */ = {isa = PBXFileReference; explicitFileType = wrapper.framework; includeInIndex = 0; path = Pods_CoffeeApp.framework; sourceTree = BUILT_PRODUCTS_DIR; };
		CF575DF39C2DC504B1E37D0A /* Pods-CoffeeApp.release.xcconfig */ = {isa = PBXFileReference; includeInIndex = 1; lastKnownFileType = text.xcconfig; name = "Pods-CoffeeApp.release.xcconfig"; path = "Target Support Files/Pods-CoffeeApp/Pods-CoffeeApp.release.xcconfig"; sourceTree = "<group>"; };
		D4F9A6BC5F7F77B48D16805F /* Pods-CoffeeApp.debug.xcconfig */ = {isa = PBXFileReference; includeInIndex = 1; lastKnownFileType = text.xcconfig; name = "Pods-CoffeeApp.debug.xcconfig"; path = "Target Support Files/Pods-CoffeeApp/Pods-CoffeeApp.debug.xcconfig"; sourceTree = "<group>"; };
/* End PBXFileReference section */

/* Begin PBXFileSystemSynchronizedRootGroup section */
		62DB141D2DB685410059CEDC /* CoffeeApp */ = {
			isa = PBXFileSystemSynchronizedRootGroup;
			path = CoffeeApp;
			sourceTree = "<group>";
		};
		62DB142E2DB685430059CEDC /* CoffeeAppTests */ = {
			isa = PBXFileSystemSynchronizedRootGroup;
			path = CoffeeAppTests;
			sourceTree = "<group>";
		};
		62DB14382DB685430059CEDC /* CoffeeAppUITests */ = {
			isa = PBXFileSystemSynchronizedRootGroup;
			path = CoffeeAppUITests;
			sourceTree = "<group>";
		};
/* End PBXFileSystemSynchronizedRootGroup section */

/* Begin PBXFrameworksBuildPhase section */
		62DB14182DB685410059CEDC /* Frameworks */ = {
			isa = PBXFrameworksBuildPhase;
			buildActionMask = 2147483647;
			files = (
				62DB14652DB691A50059CEDC /* PostgREST in Frameworks */,
				62DB14632DB691A50059CEDC /* Functions in Frameworks */,
				62DB146B2DB691A50059CEDC /* Supabase in Frameworks */,
				62DB14612DB691A50059CEDC /* Auth in Frameworks */,
				62DB14692DB691A50059CEDC /* Storage in Frameworks */,
				62DB14672DB691A50059CEDC /* Realtime in Frameworks */,
				E08ED1DE3302FBCE45ACD72C /* Pods_CoffeeApp.framework in Frameworks */,
			);
			runOnlyForDeploymentPostprocessing = 0;
		};
		62DB14282DB685430059CEDC /* Frameworks */ = {
			isa = PBXFrameworksBuildPhase;
			buildActionMask = 2147483647;
			files = (
			);
			runOnlyForDeploymentPostprocessing = 0;
		};
		62DB14322DB685430059CEDC /* Frameworks */ = {
			isa = PBXFrameworksBuildPhase;
			buildActionMask = 2147483647;
			files = (
			);
			runOnlyForDeploymentPostprocessing = 0;
		};
/* End PBXFrameworksBuildPhase section */

/* Begin PBXGroup section */
		62DB14122DB685410059CEDC = {
			isa = PBXGroup;
			children = (
				62DB141D2DB685410059CEDC /* CoffeeApp */,
				62DB142E2DB685430059CEDC /* CoffeeAppTests */,
				62DB14382DB685430059CEDC /* CoffeeAppUITests */,
				62DB141C2DB685410059CEDC /* Products */,
				674CF808394E4C425D1291DA /* Pods */,
				B5304A58A9A8E84312235A22 /* Frameworks */,
			);
			sourceTree = "<group>";
		};
		62DB141C2DB685410059CEDC /* Products */ = {
			isa = PBXGroup;
			children = (
				62DB141B2DB685410059CEDC /* CoffeeApp.app */,
				62DB142B2DB685430059CEDC /* CoffeeAppTests.xctest */,
				62DB14352DB685430059CEDC /* CoffeeAppUITests.xctest */,
			);
			name = Products;
			sourceTree = "<group>";
		};
		674CF808394E4C425D1291DA /* Pods */ = {
			isa = PBXGroup;
			children = (
				D4F9A6BC5F7F77B48D16805F /* Pods-CoffeeApp.debug.xcconfig */,
				CF575DF39C2DC504B1E37D0A /* Pods-CoffeeApp.release.xcconfig */,
			);
			path = Pods;
			sourceTree = "<group>";
		};
		B5304A58A9A8E84312235A22 /* Frameworks */ = {
			isa = PBXGroup;
			children = (
				BBC07C9694B63198789EB3C6 /* Pods_CoffeeApp.framework */,
			);
			name = Frameworks;
			sourceTree = "<group>";
		};
/* End PBXGroup section */

/* Begin PBXNativeTarget section */
		62DB141A2DB685410059CEDC /* CoffeeApp */ = {
			isa = PBXNativeTarget;
			buildConfigurationList = 62DB143F2DB685430059CEDC /* Build configuration list for PBXNativeTarget "CoffeeApp" */;
			buildPhases = (
				B17BD395FBEEFDF4E8405AAB /* [CP] Check Pods Manifest.lock */,
				62DB14172DB685410059CEDC /* Sources */,
				62DB14182DB685410059CEDC /* Frameworks */,
				62DB14192DB685410059CEDC /* Resources */,
				5FF38911606E8CD7873E6645 /* [CP] Copy Pods Resources */,
			);
			buildRules = (
			);
			dependencies = (
			);
			fileSystemSynchronizedGroups = (
				62DB141D2DB685410059CEDC /* CoffeeApp */,
			);
			name = CoffeeApp;
			packageProductDependencies = (
				62DB14602DB691A50059CEDC /* Auth */,
				62DB14622DB691A50059CEDC /* Functions */,
				62DB14642DB691A50059CEDC /* PostgREST */,
				62DB14662DB691A50059CEDC /* Realtime */,
				62DB14682DB691A50059CEDC /* Storage */,
				62DB146A2DB691A50059CEDC /* Supabase */,
			);
			productName = CoffeeApp;
			productReference = 62DB141B2DB685410059CEDC /* CoffeeApp.app */;
			productType = "com.apple.product-type.application";
		};
		62DB142A2DB685430059CEDC /* CoffeeAppTests */ = {
			isa = PBXNativeTarget;
			buildConfigurationList = 62DB14422DB685430059CEDC /* Build configuration list for PBXNativeTarget "CoffeeAppTests" */;
			buildPhases = (
				62DB14272DB685430059CEDC /* Sources */,
				62DB14282DB685430059CEDC /* Frameworks */,
				62DB14292DB685430059CEDC /* Resources */,
			);
			buildRules = (
			);
			dependencies = (
				62DB142D2DB685430059CEDC /* PBXTargetDependency */,
			);
			fileSystemSynchronizedGroups = (
				62DB142E2DB685430059CEDC /* CoffeeAppTests */,
			);
			name = CoffeeAppTests;
			productName = CoffeeAppTests;
			productReference = 62DB142B2DB685430059CEDC /* CoffeeAppTests.xctest */;
			productType = "com.apple.product-type.bundle.unit-test";
		};
		62DB14342DB685430059CEDC /* CoffeeAppUITests */ = {
			isa = PBXNativeTarget;
			buildConfigurationList = 62DB14452DB685430059CEDC /* Build configuration list for PBXNativeTarget "CoffeeAppUITests" */;
			buildPhases = (
				62DB14312DB685430059CEDC /* Sources */,
				62DB14322DB685430059CEDC /* Frameworks */,
				62DB14332DB685430059CEDC /* Resources */,
			);
			buildRules = (
			);
			dependencies = (
				62DB14372DB685430059CEDC /* PBXTargetDependency */,
			);
			fileSystemSynchronizedGroups = (
				62DB14382DB685430059CEDC /* CoffeeAppUITests */,
			);
			name = CoffeeAppUITests;
			productName = CoffeeAppUITests;
			productReference = 62DB14352DB685430059CEDC /* CoffeeAppUITests.xctest */;
			productType = "com.apple.product-type.bundle.ui-testing";
		};
/* End PBXNativeTarget section */

/* Begin PBXProject section */
		62DB14132DB685410059CEDC /* Project object */ = {
			isa = PBXProject;
			attributes = {
				BuildIndependentTargetsInParallel = 1;
				LastSwiftUpdateCheck = 1620;
				LastUpgradeCheck = 1620;
				TargetAttributes = {
					62DB141A2DB685410059CEDC = {
						CreatedOnToolsVersion = 16.2;
					};
					62DB142A2DB685430059CEDC = {
						CreatedOnToolsVersion = 16.2;
						TestTargetID = 62DB141A2DB685410059CEDC;
					};
					62DB14342DB685430059CEDC = {
						CreatedOnToolsVersion = 16.2;
						TestTargetID = 62DB141A2DB685410059CEDC;
					};
				};
			};
			buildConfigurationList = 62DB14162DB685410059CEDC /* Build configuration list for PBXProject "CoffeeApp" */;
			developmentRegion = en;
			hasScannedForEncodings = 0;
			knownRegions = (
				en,
				Base,
			);
			mainGroup = 62DB14122DB685410059CEDC;
			minimizedProjectReferenceProxies = 1;
			packageReferences = (
				62DB145E2DB691070059CEDC /* XCRemoteSwiftPackageReference "supabase-swift" */,
			);
			preferredProjectObjectVersion = 77;
			productRefGroup = 62DB141C2DB685410059CEDC /* Products */;
			projectDirPath = "";
			projectRoot = "";
			targets = (
				62DB141A2DB685410059CEDC /* CoffeeApp */,
				62DB142A2DB685430059CEDC /* CoffeeAppTests */,
				62DB14342DB685430059CEDC /* CoffeeAppUITests */,
			);
		};
/* End PBXProject section */

/* Begin PBXResourcesBuildPhase section */
		62DB14192DB685410059CEDC /* Resources */ = {
			isa = PBXResourcesBuildPhase;
			buildActionMask = 2147483647;
			files = (
			);
			runOnlyForDeploymentPostprocessing = 0;
		};
		62DB14292DB685430059CEDC /* Resources */ = {
			isa = PBXResourcesBuildPhase;
			buildActionMask = 2147483647;
			files = (
			);
			runOnlyForDeploymentPostprocessing = 0;
		};
		62DB14332DB685430059CEDC /* Resources */ = {
			isa = PBXResourcesBuildPhase;
			buildActionMask = 2147483647;
			files = (
			);
			runOnlyForDeploymentPostprocessing = 0;
		};
/* End PBXResourcesBuildPhase section */

/* Begin PBXShellScriptBuildPhase section */
		5FF38911606E8CD7873E6645 /* [CP] Copy Pods Resources */ = {
			isa = PBXShellScriptBuildPhase;
			buildActionMask = 2147483647;
			files = (
			);
			inputFileListPaths = (
				"${PODS_ROOT}/Target Support Files/Pods-CoffeeApp/Pods-CoffeeApp-resources-${CONFIGURATION}-input-files.xcfilelist",
			);
			name = "[CP] Copy Pods Resources";
			outputFileListPaths = (
				"${PODS_ROOT}/Target Support Files/Pods-CoffeeApp/Pods-CoffeeApp-resources-${CONFIGURATION}-output-files.xcfilelist",
			);
			runOnlyForDeploymentPostprocessing = 0;
			shellPath = /bin/sh;
			shellScript = "\"${PODS_ROOT}/Target Support Files/Pods-CoffeeApp/Pods-CoffeeApp-resources.sh\"\n";
			showEnvVarsInLog = 0;
		};
		B17BD395FBEEFDF4E8405AAB /* [CP] Check Pods Manifest.lock */ = {
			isa = PBXShellScriptBuildPhase;
			buildActionMask = 2147483647;
			files = (
			);
			inputFileListPaths = (
			);
			inputPaths = (
				"${PODS_PODFILE_DIR_PATH}/Podfile.lock",
				"${PODS_ROOT}/Manifest.lock",
			);
			name = "[CP] Check Pods Manifest.lock";
			outputFileListPaths = (
			);
			outputPaths = (
				"$(DERIVED_FILE_DIR)/Pods-CoffeeApp-checkManifestLockResult.txt",
			);
			runOnlyForDeploymentPostprocessing = 0;
			shellPath = /bin/sh;
			shellScript = "diff \"${PODS_PODFILE_DIR_PATH}/Podfile.lock\" \"${PODS_ROOT}/Manifest.lock\" > /dev/null\nif [ $? != 0 ] ; then\n    # print error to STDERR\n    echo \"error: The sandbox is not in sync with the Podfile.lock. Run 'pod install' or update your CocoaPods installation.\" >&2\n    exit 1\nfi\n# This output is used by Xcode 'outputs' to avoid re-running this script phase.\necho \"SUCCESS\" > \"${SCRIPT_OUTPUT_FILE_0}\"\n";
			showEnvVarsInLog = 0;
		};
/* End PBXShellScriptBuildPhase section */

/* Begin PBXSourcesBuildPhase section */
		62DB14172DB685410059CEDC /* Sources */ = {
			isa = PBXSourcesBuildPhase;
			buildActionMask = 2147483647;
			files = (
			);
			runOnlyForDeploymentPostprocessing = 0;
		};
		62DB14272DB685430059CEDC /* Sources */ = {
			isa = PBXSourcesBuildPhase;
			buildActionMask = 2147483647;
			files = (
			);
			runOnlyForDeploymentPostprocessing = 0;
		};
		62DB14312DB685430059CEDC /* Sources */ = {
			isa = PBXSourcesBuildPhase;
			buildActionMask = 2147483647;
			files = (
			);
			runOnlyForDeploymentPostprocessing = 0;
		};
/* End PBXSourcesBuildPhase section */

/* Begin PBXTargetDependency section */
		62DB142D2DB685430059CEDC /* PBXTargetDependency */ = {
			isa = PBXTargetDependency;
			target = 62DB141A2DB685410059CEDC /* CoffeeApp */;
			targetProxy = 62DB142C2DB685430059CEDC /* PBXContainerItemProxy */;
		};
		62DB14372DB685430059CEDC /* PBXTargetDependency */ = {
			isa = PBXTargetDependency;
			target = 62DB141A2DB685410059CEDC /* CoffeeApp */;
			targetProxy = 62DB14362DB685430059CEDC /* PBXContainerItemProxy */;
		};
/* End PBXTargetDependency section */

/* Begin XCBuildConfiguration section */
		62DB143D2DB685430059CEDC /* Debug */ = {
			isa = XCBuildConfiguration;
			buildSettings = {
				ALWAYS_SEARCH_USER_PATHS = NO;
				ASSETCATALOG_COMPILER_GENERATE_SWIFT_ASSET_SYMBOL_EXTENSIONS = YES;
				CLANG_ANALYZER_NONNULL = YES;
				CLANG_ANALYZER_NUMBER_OBJECT_CONVERSION = YES_AGGRESSIVE;
				CLANG_CXX_LANGUAGE_STANDARD = "gnu++20";
				CLANG_ENABLE_MODULES = YES;
				CLANG_ENABLE_OBJC_ARC = YES;
				CLANG_ENABLE_OBJC_WEAK = YES;
				CLANG_WARN_BLOCK_CAPTURE_AUTORELEASING = YES;
				CLANG_WARN_BOOL_CONVERSION = YES;
				CLANG_WARN_COMMA = YES;
				CLANG_WARN_CONSTANT_CONVERSION = YES;
				CLANG_WARN_DEPRECATED_OBJC_IMPLEMENTATIONS = YES;
				CLANG_WARN_DIRECT_OBJC_ISA_USAGE = YES_ERROR;
				CLANG_WARN_DOCUMENTATION_COMMENTS = YES;
				CLANG_WARN_EMPTY_BODY = YES;
				CLANG_WARN_ENUM_CONVERSION = YES;
				CLANG_WARN_INFINITE_RECURSION = YES;
				CLANG_WARN_INT_CONVERSION = YES;
				CLANG_WARN_NON_LITERAL_NULL_CONVERSION = YES;
				CLANG_WARN_OBJC_IMPLICIT_RETAIN_SELF = YES;
				CLANG_WARN_OBJC_LITERAL_CONVERSION = YES;
				CLANG_WARN_OBJC_ROOT_CLASS = YES_ERROR;
				CLANG_WARN_QUOTED_INCLUDE_IN_FRAMEWORK_HEADER = YES;
				CLANG_WARN_RANGE_LOOP_ANALYSIS = YES;
				CLANG_WARN_STRICT_PROTOTYPES = YES;
				CLANG_WARN_SUSPICIOUS_MOVE = YES;
				CLANG_WARN_UNGUARDED_AVAILABILITY = YES_AGGRESSIVE;
				CLANG_WARN_UNREACHABLE_CODE = YES;
				CLANG_WARN__DUPLICATE_METHOD_MATCH = YES;
				COPY_PHASE_STRIP = NO;
				DEBUG_INFORMATION_FORMAT = dwarf;
				ENABLE_STRICT_OBJC_MSGSEND = YES;
				ENABLE_TESTABILITY = YES;
				ENABLE_USER_SCRIPT_SANDBOXING = YES;
				GCC_C_LANGUAGE_STANDARD = gnu17;
				GCC_DYNAMIC_NO_PIC = NO;
				GCC_NO_COMMON_BLOCKS = YES;
				GCC_OPTIMIZATION_LEVEL = 0;
				GCC_PREPROCESSOR_DEFINITIONS = (
					"DEBUG=1",
					"$(inherited)",
				);
				GCC_WARN_64_TO_32_BIT_CONVERSION = YES;
				GCC_WARN_ABOUT_RETURN_TYPE = YES_ERROR;
				GCC_WARN_UNDECLARED_SELECTOR = YES;
				GCC_WARN_UNINITIALIZED_AUTOS = YES_AGGRESSIVE;
				GCC_WARN_UNUSED_FUNCTION = YES;
				GCC_WARN_UNUSED_VARIABLE = YES;
				IPHONEOS_DEPLOYMENT_TARGET = 18.2;
				LOCALIZATION_PREFERS_STRING_CATALOGS = YES;
				MTL_ENABLE_DEBUG_INFO = INCLUDE_SOURCE;
				MTL_FAST_MATH = YES;
				ONLY_ACTIVE_ARCH = YES;
				SDKROOT = iphoneos;
				SWIFT_ACTIVE_COMPILATION_CONDITIONS = "DEBUG $(inherited)";
				SWIFT_OPTIMIZATION_LEVEL = "-Onone";
			};
			name = Debug;
		};
		62DB143E2DB685430059CEDC /* Release */ = {
			isa = XCBuildConfiguration;
			buildSettings = {
				ALWAYS_SEARCH_USER_PATHS = NO;
				ASSETCATALOG_COMPILER_GENERATE_SWIFT_ASSET_SYMBOL_EXTENSIONS = YES;
				CLANG_ANALYZER_NONNULL = YES;
				CLANG_ANALYZER_NUMBER_OBJECT_CONVERSION = YES_AGGRESSIVE;
				CLANG_CXX_LANGUAGE_STANDARD = "gnu++20";
				CLANG_ENABLE_MODULES = YES;
				CLANG_ENABLE_OBJC_ARC = YES;
				CLANG_ENABLE_OBJC_WEAK = YES;
				CLANG_WARN_BLOCK_CAPTURE_AUTORELEASING = YES;
				CLANG_WARN_BOOL_CONVERSION = YES;
				CLANG_WARN_COMMA = YES;
				CLANG_WARN_CONSTANT_CONVERSION = YES;
				CLANG_WARN_DEPRECATED_OBJC_IMPLEMENTATIONS = YES;
				CLANG_WARN_DIRECT_OBJC_ISA_USAGE = YES_ERROR;
				CLANG_WARN_DOCUMENTATION_COMMENTS = YES;
				CLANG_WARN_EMPTY_BODY = YES;
				CLANG_WARN_ENUM_CONVERSION = YES;
				CLANG_WARN_INFINITE_RECURSION = YES;
				CLANG_WARN_INT_CONVERSION = YES;
				CLANG_WARN_NON_LITERAL_NULL_CONVERSION = YES;
				CLANG_WARN_OBJC_IMPLICIT_RETAIN_SELF = YES;
				CLANG_WARN_OBJC_LITERAL_CONVERSION = YES;
				CLANG_WARN_OBJC_ROOT_CLASS = YES_ERROR;
				CLANG_WARN_QUOTED_INCLUDE_IN_FRAMEWORK_HEADER = YES;
				CLANG_WARN_RANGE_LOOP_ANALYSIS = YES;
				CLANG_WARN_STRICT_PROTOTYPES = YES;
				CLANG_WARN_SUSPICIOUS_MOVE = YES;
				CLANG_WARN_UNGUARDED_AVAILABILITY = YES_AGGRESSIVE;
				CLANG_WARN_UNREACHABLE_CODE = YES;
				CLANG_WARN__DUPLICATE_METHOD_MATCH = YES;
				COPY_PHASE_STRIP = NO;
				DEBUG_INFORMATION_FORMAT = "dwarf-with-dsym";
				ENABLE_NS_ASSERTIONS = NO;
				ENABLE_STRICT_OBJC_MSGSEND = YES;
				ENABLE_USER_SCRIPT_SANDBOXING = YES;
				GCC_C_LANGUAGE_STANDARD = gnu17;
				GCC_NO_COMMON_BLOCKS = YES;
				GCC_WARN_64_TO_32_BIT_CONVERSION = YES;
				GCC_WARN_ABOUT_RETURN_TYPE = YES_ERROR;
				GCC_WARN_UNDECLARED_SELECTOR = YES;
				GCC_WARN_UNINITIALIZED_AUTOS = YES_AGGRESSIVE;
				GCC_WARN_UNUSED_FUNCTION = YES;
				GCC_WARN_UNUSED_VARIABLE = YES;
				IPHONEOS_DEPLOYMENT_TARGET = 18.2;
				LOCALIZATION_PREFERS_STRING_CATALOGS = YES;
				MTL_ENABLE_DEBUG_INFO = NO;
				MTL_FAST_MATH = YES;
				SDKROOT = iphoneos;
				SWIFT_COMPILATION_MODE = wholemodule;
				VALIDATE_PRODUCT = YES;
			};
			name = Release;
		};
		62DB14402DB685430059CEDC /* Debug */ = {
			isa = XCBuildConfiguration;
			baseConfigurationReference = D4F9A6BC5F7F77B48D16805F /* Pods-CoffeeApp.debug.xcconfig */;
			buildSettings = {
				ASSETCATALOG_COMPILER_APPICON_NAME = AppIcon;
				ASSETCATALOG_COMPILER_GLOBAL_ACCENT_COLOR_NAME = AccentColor;
				CODE_SIGN_STYLE = Automatic;
				CURRENT_PROJECT_VERSION = 1;
				DEVELOPMENT_ASSET_PATHS = "\"CoffeeApp/Preview Content\"";
				DEVELOPMENT_TEAM = 78SK5N87ST;
				ENABLE_PREVIEWS = YES;
				GENERATE_INFOPLIST_FILE = YES;
				INFOPLIST_KEY_UIApplicationSceneManifest_Generation = YES;
				INFOPLIST_KEY_UIApplicationSupportsIndirectInputEvents = YES;
				INFOPLIST_KEY_UILaunchScreen_Generation = YES;
				INFOPLIST_KEY_UISupportedInterfaceOrientations_iPad = "UIInterfaceOrientationPortrait UIInterfaceOrientationPortraitUpsideDown UIInterfaceOrientationLandscapeLeft UIInterfaceOrientationLandscapeRight";
				INFOPLIST_KEY_UISupportedInterfaceOrientations_iPhone = "UIInterfaceOrientationPortrait UIInterfaceOrientationLandscapeLeft UIInterfaceOrientationLandscapeRight";
				LD_RUNPATH_SEARCH_PATHS = (
					"$(inherited)",
					"@executable_path/Frameworks",
				);
				MARKETING_VERSION = 1.0;
				PRODUCT_BUNDLE_IDENTIFIER = Artem.CoffeeApp;
				PRODUCT_NAME = "$(TARGET_NAME)";
				SWIFT_EMIT_LOC_STRINGS = YES;
				SWIFT_VERSION = 5.0;
				TARGETED_DEVICE_FAMILY = "1,2";
			};
			name = Debug;
		};
		62DB14412DB685430059CEDC /* Release */ = {
			isa = XCBuildConfiguration;
			baseConfigurationReference = CF575DF39C2DC504B1E37D0A /* Pods-CoffeeApp.release.xcconfig */;
			buildSettings = {
				ASSETCATALOG_COMPILER_APPICON_NAME = AppIcon;
				ASSETCATALOG_COMPILER_GLOBAL_ACCENT_COLOR_NAME = AccentColor;
				CODE_SIGN_STYLE = Automatic;
				CURRENT_PROJECT_VERSION = 1;
				DEVELOPMENT_ASSET_PATHS = "\"CoffeeApp/Preview Content\"";
				DEVELOPMENT_TEAM = 78SK5N87ST;
				ENABLE_PREVIEWS = YES;
				GENERATE_INFOPLIST_FILE = YES;
				INFOPLIST_KEY_UIApplicationSceneManifest_Generation = YES;
				INFOPLIST_KEY_UIApplicationSupportsIndirectInputEvents = YES;
				INFOPLIST_KEY_UILaunchScreen_Generation = YES;
				INFOPLIST_KEY_UISupportedInterfaceOrientations_iPad = "UIInterfaceOrientationPortrait UIInterfaceOrientationPortraitUpsideDown UIInterfaceOrientationLandscapeLeft UIInterfaceOrientationLandscapeRight";
				INFOPLIST_KEY_UISupportedInterfaceOrientations_iPhone = "UIInterfaceOrientationPortrait UIInterfaceOrientationLandscapeLeft UIInterfaceOrientationLandscapeRight";
				LD_RUNPATH_SEARCH_PATHS = (
					"$(inherited)",
					"@executable_path/Frameworks",
				);
				MARKETING_VERSION = 1.0;
				PRODUCT_BUNDLE_IDENTIFIER = Artem.CoffeeApp;
				PRODUCT_NAME = "$(TARGET_NAME)";
				SWIFT_EMIT_LOC_STRINGS = YES;
				SWIFT_VERSION = 5.0;
				TARGETED_DEVICE_FAMILY = "1,2";
			};
			name = Release;
		};
		62DB14432DB685430059CEDC /* Debug */ = {
			isa = XCBuildConfiguration;
			buildSettings = {
				BUNDLE_LOADER = "$(TEST_HOST)";
				CODE_SIGN_STYLE = Automatic;
				CURRENT_PROJECT_VERSION = 1;
				DEVELOPMENT_TEAM = 78SK5N87ST;
				GENERATE_INFOPLIST_FILE = YES;
				IPHONEOS_DEPLOYMENT_TARGET = 18.2;
				MARKETING_VERSION = 1.0;
				PRODUCT_BUNDLE_IDENTIFIER = Artem.CoffeeAppTests;
				PRODUCT_NAME = "$(TARGET_NAME)";
				SWIFT_EMIT_LOC_STRINGS = NO;
				SWIFT_VERSION = 5.0;
				TARGETED_DEVICE_FAMILY = "1,2";
				TEST_HOST = "$(BUILT_PRODUCTS_DIR)/CoffeeApp.app/$(BUNDLE_EXECUTABLE_FOLDER_PATH)/CoffeeApp";
			};
			name = Debug;
		};
		62DB14442DB685430059CEDC /* Release */ = {
			isa = XCBuildConfiguration;
			buildSettings = {
				BUNDLE_LOADER = "$(TEST_HOST)";
				CODE_SIGN_STYLE = Automatic;
				CURRENT_PROJECT_VERSION = 1;
				DEVELOPMENT_TEAM = 78SK5N87ST;
				GENERATE_INFOPLIST_FILE = YES;
				IPHONEOS_DEPLOYMENT_TARGET = 18.2;
				MARKETING_VERSION = 1.0;
				PRODUCT_BUNDLE_IDENTIFIER = Artem.CoffeeAppTests;
				PRODUCT_NAME = "$(TARGET_NAME)";
				SWIFT_EMIT_LOC_STRINGS = NO;
				SWIFT_VERSION = 5.0;
				TARGETED_DEVICE_FAMILY = "1,2";
				TEST_HOST = "$(BUILT_PRODUCTS_DIR)/CoffeeApp.app/$(BUNDLE_EXECUTABLE_FOLDER_PATH)/CoffeeApp";
			};
			name = Release;
		};
		62DB14462DB685430059CEDC /* Debug */ = {
			isa = XCBuildConfiguration;
			buildSettings = {
				CODE_SIGN_STYLE = Automatic;
				CURRENT_PROJECT_VERSION = 1;
				DEVELOPMENT_TEAM = 78SK5N87ST;
				GENERATE_INFOPLIST_FILE = YES;
				MARKETING_VERSION = 1.0;
				PRODUCT_BUNDLE_IDENTIFIER = Artem.CoffeeAppUITests;
				PRODUCT_NAME = "$(TARGET_NAME)";
				SWIFT_EMIT_LOC_STRINGS = NO;
				SWIFT_VERSION = 5.0;
				TARGETED_DEVICE_FAMILY = "1,2";
				TEST_TARGET_NAME = CoffeeApp;
			};
			name = Debug;
		};
		62DB14472DB685430059CEDC /* Release */ = {
			isa = XCBuildConfiguration;
			buildSettings = {
				CODE_SIGN_STYLE = Automatic;
				CURRENT_PROJECT_VERSION = 1;
				DEVELOPMENT_TEAM = 78SK5N87ST;
				GENERATE_INFOPLIST_FILE = YES;
				MARKETING_VERSION = 1.0;
				PRODUCT_BUNDLE_IDENTIFIER = Artem.CoffeeAppUITests;
				PRODUCT_NAME = "$(TARGET_NAME)";
				SWIFT_EMIT_LOC_STRINGS = NO;
				SWIFT_VERSION = 5.0;
				TARGETED_DEVICE_FAMILY = "1,2";
				TEST_TARGET_NAME = CoffeeApp;
			};
			name = Release;
		};
/* End XCBuildConfiguration section */

/* Begin XCConfigurationList section */
		62DB14162DB685410059CEDC /* Build configuration list for PBXProject "CoffeeApp" */ = {
			isa = XCConfigurationList;
			buildConfigurations = (
				62DB143D2DB685430059CEDC /* Debug */,
				62DB143E2DB685430059CEDC /* Release */,
			);
			defaultConfigurationIsVisible = 0;
			defaultConfigurationName = Release;
		};
		62DB143F2DB685430059CEDC /* Build configuration list for PBXNativeTarget "CoffeeApp" */ = {
			isa = XCConfigurationList;
			buildConfigurations = (
				62DB14402DB685430059CEDC /* Debug */,
				62DB14412DB685430059CEDC /* Release */,
			);
			defaultConfigurationIsVisible = 0;
			defaultConfigurationName = Release;
		};
		62DB14422DB685430059CEDC /* Build configuration list for PBXNativeTarget "CoffeeAppTests" */ = {
			isa = XCConfigurationList;
			buildConfigurations = (
				62DB14432DB685430059CEDC /* Debug */,
				62DB14442DB685430059CEDC /* Release */,
			);
			defaultConfigurationIsVisible = 0;
			defaultConfigurationName = Release;
		};
		62DB14452DB685430059CEDC /* Build configuration list for PBXNativeTarget "CoffeeAppUITests" */ = {
			isa = XCConfigurationList;
			buildConfigurations = (
				62DB14462DB685430059CEDC /* Debug */,
				62DB14472DB685430059CEDC /* Release */,
			);
			defaultConfigurationIsVisible = 0;
			defaultConfigurationName = Release;
		};
/* End XCConfigurationList section */

/* Begin XCRemoteSwiftPackageReference section */
		62DB145E2DB691070059CEDC /* XCRemoteSwiftPackageReference "supabase-swift" */ = {
			isa = XCRemoteSwiftPackageReference;
			repositoryURL = "https://github.com/supabase-community/supabase-swift.git";
			requirement = {
				kind = upToNextMajorVersion;
				minimumVersion = 2.5.1;
			};
		};
/* End XCRemoteSwiftPackageReference section */

/* Begin XCSwiftPackageProductDependency section */
		62DB14602DB691A50059CEDC /* Auth */ = {
			isa = XCSwiftPackageProductDependency;
			package = 62DB145E2DB691070059CEDC /* XCRemoteSwiftPackageReference "supabase-swift" */;
			productName = Auth;
		};
		62DB14622DB691A50059CEDC /* Functions */ = {
			isa = XCSwiftPackageProductDependency;
			package = 62DB145E2DB691070059CEDC /* XCRemoteSwiftPackageReference "supabase-swift" */;
			productName = Functions;
		};
		62DB14642DB691A50059CEDC /* PostgREST */ = {
			isa = XCSwiftPackageProductDependency;
			package = 62DB145E2DB691070059CEDC /* XCRemoteSwiftPackageReference "supabase-swift" */;
			productName = PostgREST;
		};
		62DB14662DB691A50059CEDC /* Realtime */ = {
			isa = XCSwiftPackageProductDependency;
			package = 62DB145E2DB691070059CEDC /* XCRemoteSwiftPackageReference "supabase-swift" */;
			productName = Realtime;
		};
		62DB14682DB691A50059CEDC /* Storage */ = {
			isa = XCSwiftPackageProductDependency;
			package = 62DB145E2DB691070059CEDC /* XCRemoteSwiftPackageReference "supabase-swift" */;
			productName = Storage;
		};
		62DB146A2DB691A50059CEDC /* Supabase */ = {
			isa = XCSwiftPackageProductDependency;
			package = 62DB145E2DB691070059CEDC /* XCRemoteSwiftPackageReference "supabase-swift" */;
			productName = Supabase;
		};
/* End XCSwiftPackageProductDependency section */
	};
	rootObject = 62DB14132DB685410059CEDC /* Project object */;
}
